// !$*UTF8*$!
{ archiveVersion = 1; classes = {}; objectVersion = 56; objects = {
000000000000000000000001 = { isa = PBXProject; attributes = { BuildIndependentTargetsInParallel = YES; LastUpgradeCheck = 1600; }; buildConfigurationList = 00000000000000000000001E; compatibilityVersion = "Xcode 14.0"; developmentRegion = en; hasScannedForEncodings = 0; knownRegions = (en, Base); mainGroup = 000000000000000000000002; productRefGroup = 000000000000000000000003; projectDirPath = ""; projectRoot = ""; targets = (00000000000000000000000A, 00000000000000000000000B); };
000000000000000000000002 = { isa = PBXGroup; children = (000000000000000000000004, 000000000000000000000005, 000000000000000000000003); sourceTree = "<group>"; };
000000000000000000000003 = { isa = PBXGroup; children = (000000000000000000000014, 000000000000000000000015); name = Products; sourceTree = "<group>"; };
000000000000000000000004 = { isa = PBXGroup; children = (000000000000000000000016, 000000000000000000000019); path = HostApp; sourceTree = "<group>"; };
000000000000000000000005 = { isa = PBXGroup; children = (000000000000000000000017, 000000000000000000000018, 00000000000000000000001A); path = KeyboardExtension; sourceTree = "<group>"; };
000000000000000000000014 = { isa = PBXFileReference; explicitFileType = "wrapper.application"; includeInIndex = 0; path = Translator.app; sourceTree = BUILT_PRODUCTS_DIR; };
000000000000000000000015 = { isa = PBXFileReference; explicitFileType = "wrapper.app-extension"; includeInIndex = 0; path = TranslatorKeyboard.appex; sourceTree = BUILT_PRODUCTS_DIR; };
000000000000000000000016 = { isa = PBXFileReference; lastKnownFileType = sourcecode.swift; path = AppDelegate.swift; sourceTree = "<group>"; };
000000000000000000000017 = { isa = PBXFileReference; lastKnownFileType = sourcecode.swift; path = KeyboardViewController.swift; sourceTree = "<group>"; };
000000000000000000000018 = { isa = PBXFileReference; lastKnownFileType = sourcecode.swift; path = ConversationalTranslator.swift; sourceTree = "<group>"; };
000000000000000000000019 = { isa = PBXFileReference; lastKnownFileType = text.plist.xml; path = Info.plist; sourceTree = "<group>"; };
00000000000000000000001A = { isa = PBXFileReference; lastKnownFileType = text.plist.xml; path = Info.plist; sourceTree = "<group>"; };
000000000000000000000028 = { isa = PBXBuildFile; fileRef = 000000000000000000000016; };
000000000000000000000029 = { isa = PBXBuildFile; fileRef = 000000000000000000000017; };
00000000000000000000002A = { isa = PBXBuildFile; fileRef = 000000000000000000000018; };
00000000000000000000002B = { isa = PBXBuildFile; fileRef = 000000000000000000000015; settings = { ATTRIBUTES = (RemoveHeadersOnCopy); }; };
00000000000000000000000A = { isa = PBXNativeTarget; buildConfigurationList = 00000000000000000000001F; buildPhases = (000000000000000000000032, 000000000000000000000034, 000000000000000000000036, 000000000000000000000038); buildRules = (); dependencies = (00000000000000000000003D); name = Translator; productName = Translator; productReference = 000000000000000000000014; productType = "com.apple.product-type.application"; };
00000000000000000000000B = { isa = PBXNativeTarget; buildConfigurationList = 000000000000000000000020; buildPhases = (000000000000000000000033, 000000000000000000000035, 000000000000000000000037); buildRules = (); dependencies = (); name = TranslatorKeyboard; productName = TranslatorKeyboard; productReference = 000000000000000000000015; productType = "com.apple.product-type.app-extension"; };
000000000000000000000032 = { isa = PBXSourcesBuildPhase; buildActionMask = 2147483647; files = (000000000000000000000028); runOnlyForDeploymentPostprocessing = 0; };
000000000000000000000033 = { isa = PBXSourcesBuildPhase; buildActionMask = 2147483647; files = (000000000000000000000029,00000000000000000000002A); runOnlyForDeploymentPostprocessing = 0; };
000000000000000000000034 = { isa = PBXFrameworksBuildPhase; buildActionMask = 2147483647; files = (); runOnlyForDeploymentPostprocessing = 0; };
000000000000000000000035 = { isa = PBXFrameworksBuildPhase; buildActionMask = 2147483647; files = (); runOnlyForDeploymentPostprocessing = 0; };
000000000000000000000036 = { isa = PBXResourcesBuildPhase; buildActionMask = 2147483647; files = (); runOnlyForDeploymentPostprocessing = 0; };
000000000000000000000037 = { isa = PBXResourcesBuildPhase; buildActionMask = 2147483647; files = (); runOnlyForDeploymentPostprocessing = 0; };
000000000000000000000038 = { isa = PBXCopyFilesBuildPhase; buildActionMask = 2147483647; dstPath = ""; dstSubfolderSpec = 13; files = (00000000000000000000002B); name = "Embed App Extensions"; runOnlyForDeploymentPostprocessing = 0; };
00000000000000000000003C = { isa = PBXContainerItemProxy; containerPortal = 000000000000000000000001; proxyType = 1; remoteGlobalIDString = 00000000000000000000000B; remoteInfo = TranslatorKeyboard; };
00000000000000000000003D = { isa = PBXTargetDependency; target = 00000000000000000000000B; targetProxy = 00000000000000000000003C; };
00000000000000000000001E = { isa = XCConfigurationList; buildConfigurations = (000000000000000000000046,000000000000000000000047); defaultConfigurationIsVisible = 0; defaultConfigurationName = Release; };
00000000000000000000001F = { isa = XCConfigurationList; buildConfigurations = (000000000000000000000048,000000000000000000000049); defaultConfigurationIsVisible = 0; defaultConfigurationName = Release; };
000000000000000000000020 = { isa = XCConfigurationList; buildConfigurations = (00000000000000000000004A,00000000000000000000004B); defaultConfigurationIsVisible = 0; defaultConfigurationName = Release; };
000000000000000000000046 = { isa = XCBuildConfiguration; buildSettings = { CLANG_ENABLE_MODULES = YES; CLANG_ENABLE_OBJC_ARC = YES; IPHONEOS_DEPLOYMENT_TARGET = 16.0; SDKROOT = iphoneos; SWIFT_VERSION = 5.0; SWIFT_OPTIMIZATION_LEVEL = "-Onone"; DEBUG_INFORMATION_FORMAT = dwarf; SWIFT_ACTIVE_COMPILATION_CONDITIONS = DEBUG; }; name = Debug; };
000000000000000000000047 = { isa = XCBuildConfiguration; buildSettings = { CLANG_ENABLE_MODULES = YES; CLANG_ENABLE_OBJC_ARC = YES; IPHONEOS_DEPLOYMENT_TARGET = 16.0; SDKROOT = iphoneos; SWIFT_VERSION = 5.0; SWIFT_OPTIMIZATION_LEVEL = "-O"; DEBUG_INFORMATION_FORMAT = "dwarf-with-dsym"; VALIDATE_PRODUCT = YES; }; name = Release; };
000000000000000000000048 = { isa = XCBuildConfiguration; buildSettings = { CODE_SIGN_STYLE = Automatic; CURRENT_PROJECT_VERSION = 1; GENERATE_INFOPLIST_FILE = NO; INFOPLIST_FILE = HostApp/Info.plist; MARKETING_VERSION = 1.0; PRODUCT_BUNDLE_IDENTIFIER = com.example.Translator; PRODUCT_NAME = "$(TARGET_NAME)"; TARGETED_DEVICE_FAMILY = "1,2"; LD_RUNPATH_SEARCH_PATHS = ("$(inherited)", "@executable_path/Frameworks");  }; name = Debug; };
000000000000000000000049 = { isa = XCBuildConfiguration; buildSettings = { CODE_SIGN_STYLE = Automatic; CURRENT_PROJECT_VERSION = 1; GENERATE_INFOPLIST_FILE = NO; INFOPLIST_FILE = HostApp/Info.plist; MARKETING_VERSION = 1.0; PRODUCT_BUNDLE_IDENTIFIER = com.example.Translator; PRODUCT_NAME = "$(TARGET_NAME)"; TARGETED_DEVICE_FAMILY = "1,2"; LD_RUNPATH_SEARCH_PATHS = ("$(inherited)", "@executable_path/Frameworks");  }; name = Release; };
00000000000000000000004A = { isa = XCBuildConfiguration; buildSettings = { CODE_SIGN_STYLE = Automatic; CURRENT_PROJECT_VERSION = 1; GENERATE_INFOPLIST_FILE = NO; INFOPLIST_FILE = KeyboardExtension/Info.plist; MARKETING_VERSION = 1.0; PRODUCT_BUNDLE_IDENTIFIER = com.example.Translator.keyboard; PRODUCT_NAME = "$(TARGET_NAME)"; TARGETED_DEVICE_FAMILY = "1,2"; LD_RUNPATH_SEARCH_PATHS = ("$(inherited)", "@executable_path/Frameworks", "@executable_path/../../Frameworks"); APPLICATION_EXTENSION_API_ONLY = YES; SKIP_INSTALL = YES; }; name = Debug; };
00000000000000000000004B = { isa = XCBuildConfiguration; buildSettings = { CODE_SIGN_STYLE = Automatic; CURRENT_PROJECT_VERSION = 1; GENERATE_INFOPLIST_FILE = NO; INFOPLIST_FILE = KeyboardExtension/Info.plist; MARKETING_VERSION = 1.0; PRODUCT_BUNDLE_IDENTIFIER = com.example.Translator.keyboard; PRODUCT_NAME = "$(TARGET_NAME)"; TARGETED_DEVICE_FAMILY = "1,2"; LD_RUNPATH_SEARCH_PATHS = ("$(inherited)", "@executable_path/Frameworks", "@executable_path/../../Frameworks"); APPLICATION_EXTENSION_API_ONLY = YES; SKIP_INSTALL = YES; }; name = Release; };
}; rootObject = 000000000000000000000001; }
